
Microsoft Visual Studio Solution File, Format Version 12.00
# Visual Studio Version 16
VisualStudioVersion = 16.0.30406.217
MinimumVisualStudioVersion = 15.0.26124.0
Project("{9A19103F-16F7-4668-BE54-9A1E7A4F7556}") = "BotDispatch.Runner", "BotDispatch.Runner\BotDispatch.Runner.csproj", "{E6E47624-CAB6-4B15-B967-4EB395573F55}"
	ProjectSection(ProjectDependencies) = postProject
		{AD4EAF8D-9BEA-48ED-8F47-F0D8399BEA42} = {AD4EAF8D-9BEA-48ED-8F47-F0D8399BEA42}
	EndProjectSection
EndProject
Project("{9A19103F-16F7-4668-BE54-9A1E7A4F7556}") = "BotDispatch.NPM", "BotDispatch.NPM\BotDispatch.NPM.csproj", "{AD4EAF8D-9BEA-48ED-8F47-F0D8399BEA42}"
EndProject
Project("{9A19103F-16F7-4668-BE54-9A1E7A4F7556}") = "BotDispatch.Function", "BotDispatch.Function\BotDispatch.Function.csproj", "{DAB00C83-7E97-4935-A06E-9CDA3F086011}"
EndProject
Global
	GlobalSection(SolutionConfigurationPlatforms) = preSolution
		Debug|Any CPU = Debug|Any CPU
		Debug|x64 = Debug|x64
		Debug|x86 = Debug|x86
		Release|Any CPU = Release|Any CPU
		Release|x64 = Release|x64
		Release|x86 = Release|x86
	EndGlobalSection
	GlobalSection(ProjectConfigurationPlatforms) = postSolution
		{E6E47624-CAB6-4B15-B967-4EB395573F55}.Debug|Any CPU.ActiveCfg = Debug|Any CPU
		{E6E47624-CAB6-4B15-B967-4EB395573F55}.Debug|Any CPU.Build.0 = Debug|Any CPU
		{E6E47624-CAB6-4B15-B967-4EB395573F55}.Debug|x64.ActiveCfg = Debug|Any CPU
		{E6E47624-CAB6-4B15-B967-4EB395573F55}.Debug|x64.Build.0 = Debug|Any CPU
		{E6E47624-CAB6-4B15-B967-4EB395573F55}.Debug|x86.ActiveCfg = Debug|Any CPU
		{E6E47624-CAB6-4B15-B967-4EB395573F55}.Debug|x86.Build.0 = Debug|Any CPU
		{E6E47624-CAB6-4B15-B967-4EB395573F55}.Release|Any CPU.ActiveCfg = Release|Any CPU
		{E6E47624-CAB6-4B15-B967-4EB395573F55}.Release|Any CPU.Build.0 = Release|Any CPU
		{E6E47624-CAB6-4B15-B967-4EB395573F55}.Release|x64.ActiveCfg = Release|Any CPU
		{E6E47624-CAB6-4B15-B967-4EB395573F55}.Release|x64.Build.0 = Release|Any CPU
		{E6E47624-CAB6-4B15-B967-4EB395573F55}.Release|x86.ActiveCfg = Release|Any CPU
		{E6E47624-CAB6-4B15-B967-4EB395573F55}.Release|x86.Build.0 = Release|Any CPU
		{AD4EAF8D-9BEA-48ED-8F47-F0D8399BEA42}.Debug|Any CPU.ActiveCfg = Debug|Any CPU
		{AD4EAF8D-9BEA-48ED-8F47-F0D8399BEA42}.Debug|Any CPU.Build.0 = Debug|Any CPU
		{AD4EAF8D-9BEA-48ED-8F47-F0D8399BEA42}.Debug|x64.ActiveCfg = Debug|Any CPU
		{AD4EAF8D-9BEA-48ED-8F47-F0D8399BEA42}.Debug|x64.Build.0 = Debug|Any CPU
		{AD4EAF8D-9BEA-48ED-8F47-F0D8399BEA42}.Debug|x86.ActiveCfg = Debug|Any CPU
		{AD4EAF8D-9BEA-48ED-8F47-F0D8399BEA42}.Debug|x86.Build.0 = Debug|Any CPU
		{AD4EAF8D-9BEA-48ED-8F47-F0D8399BEA42}.Release|Any CPU.ActiveCfg = Release|Any CPU
		{AD4EAF8D-9BEA-48ED-8F47-F0D8399BEA42}.Release|Any CPU.Build.0 = Release|Any CPU
		{AD4EAF8D-9BEA-48ED-8F47-F0D8399BEA42}.Release|x64.ActiveCfg = Release|Any CPU
		{AD4EAF8D-9BEA-48ED-8F47-F0D8399BEA42}.Release|x64.Build.0 = Release|Any CPU
		{AD4EAF8D-9BEA-48ED-8F47-F0D8399BEA42}.Release|x86.ActiveCfg = Release|Any CPU
		{AD4EAF8D-9BEA-48ED-8F47-F0D8399BEA42}.Release|x86.Build.0 = Release|Any CPU
		{DAB00C83-7E97-4935-A06E-9CDA3F086011}.Debug|Any CPU.ActiveCfg = Debug|Any CPU
		{DAB00C83-7E97-4935-A06E-9CDA3F086011}.Debug|Any CPU.Build.0 = Debug|Any CPU
		{DAB00C83-7E97-4935-A06E-9CDA3F086011}.Debug|x64.ActiveCfg = Debug|Any CPU
		{DAB00C83-7E97-4935-A06E-9CDA3F086011}.Debug|x64.Build.0 = Debug|Any CPU
		{DAB00C83-7E97-4935-A06E-9CDA3F086011}.Debug|x86.ActiveCfg = Debug|Any CPU
		{DAB00C83-7E97-4935-A06E-9CDA3F086011}.Debug|x86.Build.0 = Debug|Any CPU
		{DAB00C83-7E97-4935-A06E-9CDA3F086011}.Release|Any CPU.ActiveCfg = Release|Any CPU
		{DAB00C83-7E97-4935-A06E-9CDA3F086011}.Release|Any CPU.Build.0 = Release|Any CPU
		{DAB00C83-7E97-4935-A06E-9CDA3F086011}.Release|x64.ActiveCfg = Release|Any CPU
		{DAB00C83-7E97-4935-A06E-9CDA3F086011}.Release|x64.Build.0 = Release|Any CPU
		{DAB00C83-7E97-4935-A06E-9CDA3F086011}.Release|x86.ActiveCfg = Release|Any CPU
		{DAB00C83-7E97-4935-A06E-9CDA3F086011}.Release|x86.Build.0 = Release|Any CPU
	EndGlobalSection
	GlobalSection(SolutionProperties) = preSolution
		HideSolutionNode = FALSE
	EndGlobalSection
	GlobalSection(ExtensibilityGlobals) = postSolution
		SolutionGuid = {1258D13E-FACB-4FBF-9BC3-9B0E5CEF16C9}
	EndGlobalSection
EndGlobal
