{
  "name": "abossard.botdispatch.npm",
  "version": "0.0.0",
  "lockfileVersion": 1,
  "requires": true,
  "dependencies": {
    "botdispatch": {
      "version": "1.7.1",
      "resolved": "https://registry.npmjs.org/botdispatch/-/botdispatch-1.7.1.tgz",
      "integrity": "sha512-z1oPWR60Idz5qnrRBsgvWh1CyrEAf+TgO8uTLLyrTp3dFGh+/4pSpWaaJgW9mQvzKBseNqMkOPikzMOkAjIQYg==",
      "requires": {
        "dotnet-2.1": "^2.1.0"
      }
    },
    "dotnet-2.1": {
      "version": "2.1.1005",
      "resolved": "https://registry.npmjs.org/dotnet-2.1/-/dotnet-2.1-2.1.1005.tgz",
      "integrity": "sha512-dwS5/msZNOBSfoIEmgvt3uxlx1MMiwMUxkiuyiuaMulM6gWmPlea5FyfWt4gdYjl1a5twKmeo748n8s9l13qtQ=="
    }
  }
}
